
Microsoft Visual Studio Solution File, Format Version 12.00
# Visual Studio Version 17
VisualStudioVersion = 17.4.33103.184
MinimumVisualStudioVersion = 10.0.40219.1
Project("{FAE04EC0-301F-11D3-BF4B-00C04F79EFBC}") = "Battle Realms Data Editor", "Battle Realms Data Editor\Battle Realms Data Editor.csproj", "{9FFC5EA7-7616-437D-A17E-EE2FC8703F45}"
EndProject
Global
	GlobalSection(SolutionConfigurationPlatforms) = preSolution
		Debug|Any CPU = Debug|Any CPU
		Release|Any CPU = Release|Any CPU
	EndGlobalSection
	GlobalSection(ProjectConfigurationPlatforms) = postSolution
		{9FFC5EA7-7616-437D-A17E-EE2FC8703F45}.Debug|Any CPU.ActiveCfg = Debug|Any CPU
		{9FFC5EA7-7616-437D-A17E-EE2FC8703F45}.Debug|Any CPU.Build.0 = Debug|Any CPU
		{9FFC5EA7-7616-437D-A17E-EE2FC8703F45}.Release|Any CPU.ActiveCfg = Release|Any CPU
		{9FFC5EA7-7616-437D-A17E-EE2FC8703F45}.Release|Any CPU.Build.0 = Release|Any CPU
	EndGlobalSection
	GlobalSection(SolutionProperties) = preSolution
		HideSolutionNode = FALSE
	EndGlobalSection
	GlobalSection(ExtensibilityGlobals) = postSolution
		SolutionGuid = {60C43866-1052-4CF0-AC99-F649E5D81A32}
	EndGlobalSection
EndGlobal
